
Microsoft Visual Studio Solution File, Format Version 12.00
# Visual Studio Version 17
VisualStudioVersion = 17.0.32014.148
MinimumVisualStudioVersion = 10.0.40219.1
Project("{9A19103F-16F7-4668-BE54-9A1E7A4F7556}") = "Website", "Website\Website.csproj", "{E03344BE-551C-414E-AF28-E65FF15B9817}"
EndProject
Project("{2150E333-8FDC-42A3-9474-1A3956D46DE8}") = "Solution Items", "Solution Items", "{02B3ACC9-FBC9-41BD-B43D-C40CD7B4BB5B}"
	ProjectSection(SolutionItems) = preProject
		.editorconfig = .editorconfig
	EndProjectSection
EndProject
Global
	GlobalSection(SolutionConfigurationPlatforms) = preSolution
		Debug|Any CPU = Debug|Any CPU
		Release|Any CPU = Release|Any CPU
	EndGlobalSection
	GlobalSection(ProjectConfigurationPlatforms) = postSolution
		{E03344BE-551C-414E-AF28-E65FF15B9817}.Debug|Any CPU.ActiveCfg = Debug|Any CPU
		{E03344BE-551C-414E-AF28-E65FF15B9817}.Debug|Any CPU.Build.0 = Debug|Any CPU
		{E03344BE-551C-414E-AF28-E65FF15B9817}.Release|Any CPU.ActiveCfg = Release|Any CPU
		{E03344BE-551C-414E-AF28-E65FF15B9817}.Release|Any CPU.Build.0 = Release|Any CPU
	EndGlobalSection
	GlobalSection(SolutionProperties) = preSolution
		HideSolutionNode = FALSE
	EndGlobalSection
	GlobalSection(ExtensibilityGlobals) = postSolution
		SolutionGuid = {CA76A7F4-B894-4F1C-8026-E9C718A9DECA}
	EndGlobalSection
EndGlobal
